
Microsoft Visual Studio Solution File, Format Version 12.00
# Visual Studio 2012
Project("{FAE04EC0-301F-11D3-BF4B-00C04F79EFBC}") = "BOMBS.Core", "BOMBS.Core\BOMBS.Core.csproj", "{53AE7F08-AD39-460B-A473-A779F0BAE01E}"
EndProject
Project("{FAE04EC0-301F-11D3-BF4B-00C04F79EFBC}") = "BOMBS.Core.Console.Test", "BOMBS.Core.Console.Test\BOMBS.Core.Console.Test.csproj", "{4A019D6C-1C31-472B-A235-89903F28FA49}"
EndProject
Project("{FAE04EC0-301F-11D3-BF4B-00C04F79EFBC}") = "BOMBS.Administration", "BOMBS.Administration\BOMBS.Administration.csproj", "{D60EFCA2-6D1F-4E3D-871D-B3B7E8950FA7}"
EndProject
Project("{FAE04EC0-301F-11D3-BF4B-00C04F79EFBC}") = "BOMBS.Core.Library", "BOMBS.Core.Library\BOMBS.Core.Library.csproj", "{45402154-E4C1-4A61-8D52-16F47AD54117}"
EndProject
Global
	GlobalSection(SolutionConfigurationPlatforms) = preSolution
		Debug|Any CPU = Debug|Any CPU
		Release|Any CPU = Release|Any CPU
	EndGlobalSection
	GlobalSection(ProjectConfigurationPlatforms) = postSolution
		{53AE7F08-AD39-460B-A473-A779F0BAE01E}.Debug|Any CPU.ActiveCfg = Debug|Any CPU
		{53AE7F08-AD39-460B-A473-A779F0BAE01E}.Debug|Any CPU.Build.0 = Debug|Any CPU
		{53AE7F08-AD39-460B-A473-A779F0BAE01E}.Release|Any CPU.ActiveCfg = Release|Any CPU
		{53AE7F08-AD39-460B-A473-A779F0BAE01E}.Release|Any CPU.Build.0 = Release|Any CPU
		{4A019D6C-1C31-472B-A235-89903F28FA49}.Debug|Any CPU.ActiveCfg = Debug|Any CPU
		{4A019D6C-1C31-472B-A235-89903F28FA49}.Debug|Any CPU.Build.0 = Debug|Any CPU
		{4A019D6C-1C31-472B-A235-89903F28FA49}.Release|Any CPU.ActiveCfg = Release|Any CPU
		{4A019D6C-1C31-472B-A235-89903F28FA49}.Release|Any CPU.Build.0 = Release|Any CPU
		{D60EFCA2-6D1F-4E3D-871D-B3B7E8950FA7}.Debug|Any CPU.ActiveCfg = Debug|Any CPU
		{D60EFCA2-6D1F-4E3D-871D-B3B7E8950FA7}.Debug|Any CPU.Build.0 = Debug|Any CPU
		{D60EFCA2-6D1F-4E3D-871D-B3B7E8950FA7}.Release|Any CPU.ActiveCfg = Release|Any CPU
		{D60EFCA2-6D1F-4E3D-871D-B3B7E8950FA7}.Release|Any CPU.Build.0 = Release|Any CPU
		{45402154-E4C1-4A61-8D52-16F47AD54117}.Debug|Any CPU.ActiveCfg = Debug|Any CPU
		{45402154-E4C1-4A61-8D52-16F47AD54117}.Debug|Any CPU.Build.0 = Debug|Any CPU
		{45402154-E4C1-4A61-8D52-16F47AD54117}.Release|Any CPU.ActiveCfg = Release|Any CPU
		{45402154-E4C1-4A61-8D52-16F47AD54117}.Release|Any CPU.Build.0 = Release|Any CPU
	EndGlobalSection
	GlobalSection(SolutionProperties) = preSolution
		HideSolutionNode = FALSE
	EndGlobalSection
EndGlobal
